
Microsoft Visual Studio Solution File, Format Version 12.00
# Visual Studio Version 17
VisualStudioVersion = 17.14.37111.16 d17.14
MinimumVisualStudioVersion = 10.0.40219.1
Project("{FAE04EC0-301F-11D3-BF4B-00C04F79EFBC}") = "PasswordGenerator", "PasswordGenerator.csproj", "{AFDBA247-195C-47D0-BE2D-78790FDA8774}"
EndProject
Global
	GlobalSection(SolutionConfigurationPlatforms) = preSolution
		Debug|Any CPU = Debug|Any CPU
		Release|Any CPU = Release|Any CPU
	EndGlobalSection
	GlobalSection(ProjectConfigurationPlatforms) = postSolution
		{AFDBA247-195C-47D0-BE2D-78790FDA8774}.Debug|Any CPU.ActiveCfg = Debug|Any CPU
		{AFDBA247-195C-47D0-BE2D-78790FDA8774}.Debug|Any CPU.Build.0 = Debug|Any CPU
		{AFDBA247-195C-47D0-BE2D-78790FDA8774}.Release|Any CPU.ActiveCfg = Release|Any CPU
		{AFDBA247-195C-47D0-BE2D-78790FDA8774}.Release|Any CPU.Build.0 = Release|Any CPU
	EndGlobalSection
	GlobalSection(SolutionProperties) = preSolution
		HideSolutionNode = FALSE
	EndGlobalSection
	GlobalSection(ExtensibilityGlobals) = postSolution
		SolutionGuid = {43CDD3DB-A1E1-4B90-8C53-59DA408CF7A4}
	EndGlobalSection
EndGlobal
